{
  "pins" : [
    {
      "identity" : "stubby",
      "kind" : "remoteSourceControl",
      "location" : "https://github.com/bdbergeron/Stubby.git",
      "state" : {
        "revision" : "04dcfe508ea31e169523598ce5fb2466ee04bcff",
        "version" : "1.0.0"
      }
    },
    {
      "identity" : "viewinspector",
      "kind" : "remoteSourceControl",
      "location" : "https://github.com/nalexn/ViewInspector",
      "state" : {
        "revision" : "07c090d73e0169c342a4ed46e9010be2781eca1e",
        "version" : "0.9.8"
      }
    }
  ],
  "version" : 2
}
